{
  "name": "reaction-developer-tools",
  "version": "0.0.1",
  "lockfileVersion": 1,
  "requires": true,
  "dependencies": {
    "jpeg-js": {
      "version": "0.3.3",
      "resolved": "https://registry.npmjs.org/jpeg-js/-/jpeg-js-0.3.3.tgz",
      "integrity": "sha512-+As71pgzYX+mVcLHCuvFhfn1QKq7tACj1jXbvkkE43VAy2YUN0KNPQxxb3BBSBpqlJh30DPNNbdUR3jc82sacQ=="
    }
  }
}
